// !$*UTF8*$!
{
	archiveVersion = 1;
	classes = {
	};
	objectVersion = 46;
	objects = {

/* Begin PBXBuildFile section */
		2814C913167E3C5D00183651 /* NSObject+SBJson.m in Sources */ = {isa = PBXBuildFile; fileRef = 2814C8FB167E3C5D00183651 /* NSObject+SBJson.m */; };
		2814C914167E3C5D00183651 /* SBJsonParser.m in Sources */ = {isa = PBXBuildFile; fileRef = 2814C8FE167E3C5D00183651 /* SBJsonParser.m */; };
		2814C915167E3C5D00183651 /* SBJsonStreamParser.m in Sources */ = {isa = PBXBuildFile; fileRef = 2814C900167E3C5D00183651 /* SBJsonStreamParser.m */; };
		2814C916167E3C5D00183651 /* SBJsonStreamParserAccumulator.m in Sources */ = {isa = PBXBuildFile; fileRef = 2814C902167E3C5D00183651 /* SBJsonStreamParserAccumulator.m */; };
		2814C917167E3C5D00183651 /* SBJsonStreamParserAdapter.m in Sources */ = {isa = PBXBuildFile; fileRef = 2814C904167E3C5D00183651 /* SBJsonStreamParserAdapter.m */; };
		2814C918167E3C5D00183651 /* SBJsonStreamParserState.m in Sources */ = {isa = PBXBuildFile; fileRef = 2814C906167E3C5D00183651 /* SBJsonStreamParserState.m */; };
		2814C919167E3C5D00183651 /* SBJsonStreamWriter.m in Sources */ = {isa = PBXBuildFile; fileRef = 2814C908167E3C5D00183651 /* SBJsonStreamWriter.m */; };
		2814C91A167E3C5D00183651 /* SBJsonStreamWriterAccumulator.m in Sources */ = {isa = PBXBuildFile; fileRef = 2814C90A167E3C5D00183651 /* SBJsonStreamWriterAccumulator.m */; };
		2814C91B167E3C5D00183651 /* SBJsonStreamWriterState.m in Sources */ = {isa = PBXBuildFile; fileRef = 2814C90C167E3C5D00183651 /* SBJsonStreamWriterState.m */; };
		2814C91C167E3C5D00183651 /* SBJsonTokeniser.m in Sources */ = {isa = PBXBuildFile; fileRef = 2814C90E167E3C5D00183651 /* SBJsonTokeniser.m */; };
		2814C91D167E3C5D00183651 /* SBJsonUTF8Stream.m in Sources */ = {isa = PBXBuildFile; fileRef = 2814C910167E3C5D00183651 /* SBJsonUTF8Stream.m */; };
		2814C91E167E3C5D00183651 /* SBJsonWriter.m in Sources */ = {isa = PBXBuildFile; fileRef = 2814C912167E3C5D00183651 /* SBJsonWriter.m */; };
		289FFB2A166FE3B0007177DD /* UIKit.framework in Frameworks */ = {isa = PBXBuildFile; fileRef = 289FFB29166FE3B0007177DD /* UIKit.framework */; };
		289FFB2C166FE3B0007177DD /* Foundation.framework in Frameworks */ = {isa = PBXBuildFile; fileRef = 289FFB2B166FE3B0007177DD /* Foundation.framework */; };
		289FFB2E166FE3B0007177DD /* CoreGraphics.framework in Frameworks */ = {isa = PBXBuildFile; fileRef = 289FFB2D166FE3B0007177DD /* CoreGraphics.framework */; };
		289FFB34166FE3B0007177DD /* InfoPlist.strings in Resources */ = {isa = PBXBuildFile; fileRef = 289FFB32166FE3B0007177DD /* InfoPlist.strings */; };
		289FFB36166FE3B0007177DD /* main.m in Sources */ = {isa = PBXBuildFile; fileRef = 289FFB35166FE3B0007177DD /* main.m */; };
		289FFB3A166FE3B0007177DD /* AppDelegate.m in Sources */ = {isa = PBXBuildFile; fileRef = 289FFB39166FE3B0007177DD /* AppDelegate.m */; };
		289FFB3C166FE3B0007177DD /* Default.png in Resources */ = {isa = PBXBuildFile; fileRef = 289FFB3B166FE3B0007177DD /* Default.png */; };
		289FFB3E166FE3B0007177DD /* Default@2x.png in Resources */ = {isa = PBXBuildFile; fileRef = 289FFB3D166FE3B0007177DD /* Default@2x.png */; };
		289FFB40166FE3B0007177DD /* Default-568h@2x.png in Resources */ = {isa = PBXBuildFile; fileRef = 289FFB3F166FE3B0007177DD /* Default-568h@2x.png */; };
		289FFB43166FE3B0007177DD /* MainStoryboard.storyboard in Resources */ = {isa = PBXBuildFile; fileRef = 289FFB41166FE3B0007177DD /* MainStoryboard.storyboard */; };
		289FFB46166FE3B0007177DD /* ViewController.m in Sources */ = {isa = PBXBuildFile; fileRef = 289FFB45166FE3B0007177DD /* ViewController.m */; };
		28E3362D1670744400BDE58E /* CFNetwork.framework in Frameworks */ = {isa = PBXBuildFile; fileRef = 28E3362C1670744400BDE58E /* CFNetwork.framework */; };
		28E336331670747300BDE58E /* libz.dylib in Frameworks */ = {isa = PBXBuildFile; fileRef = 28E336321670747300BDE58E /* libz.dylib */; };
		28E3366516707B9800BDE58E /* AFHTTPClient.m in Sources */ = {isa = PBXBuildFile; fileRef = 28E3365316707B9800BDE58E /* AFHTTPClient.m */; };
		28E3366616707B9800BDE58E /* AFHTTPRequestOperation.m in Sources */ = {isa = PBXBuildFile; fileRef = 28E3365516707B9800BDE58E /* AFHTTPRequestOperation.m */; };
		28E3366716707B9800BDE58E /* AFImageRequestOperation.m in Sources */ = {isa = PBXBuildFile; fileRef = 28E3365716707B9800BDE58E /* AFImageRequestOperation.m */; };
		28E3366816707B9800BDE58E /* AFJSONRequestOperation.m in Sources */ = {isa = PBXBuildFile; fileRef = 28E3365916707B9800BDE58E /* AFJSONRequestOperation.m */; };
		28E3366916707B9800BDE58E /* AFNetworkActivityIndicatorManager.m in Sources */ = {isa = PBXBuildFile; fileRef = 28E3365B16707B9800BDE58E /* AFNetworkActivityIndicatorManager.m */; };
		28E3366A16707B9800BDE58E /* AFPropertyListRequestOperation.m in Sources */ = {isa = PBXBuildFile; fileRef = 28E3365E16707B9800BDE58E /* AFPropertyListRequestOperation.m */; };
		28E3366B16707B9800BDE58E /* AFURLConnectionOperation.m in Sources */ = {isa = PBXBuildFile; fileRef = 28E3366016707B9800BDE58E /* AFURLConnectionOperation.m */; };
		28E3366C16707B9800BDE58E /* AFXMLRequestOperation.m in Sources */ = {isa = PBXBuildFile; fileRef = 28E3366216707B9800BDE58E /* AFXMLRequestOperation.m */; };
		28E3366D16707B9800BDE58E /* UIImageView+AFNetworking.m in Sources */ = {isa = PBXBuildFile; fileRef = 28E3366416707B9800BDE58E /* UIImageView+AFNetworking.m */; };
		28E3366E16707C7200BDE58E /* MobileCoreServices.framework in Frameworks */ = {isa = PBXBuildFile; fileRef = 28E336301670745B00BDE58E /* MobileCoreServices.framework */; };
		28E3366F16707C7700BDE58E /* SystemConfiguration.framework in Frameworks */ = {isa = PBXBuildFile; fileRef = 28E3362E1670745000BDE58E /* SystemConfiguration.framework */; };
		28E3367616708C7B00BDE58E /* GoSeeTheSunGame.m in Sources */ = {isa = PBXBuildFile; fileRef = 28E3367516708C7B00BDE58E /* GoSeeTheSunGame.m */; };
/* End PBXBuildFile section */

/* Begin PBXFileReference section */
		2814C8FA167E3C5D00183651 /* NSObject+SBJson.h */ = {isa = PBXFileReference; fileEncoding = 4; lastKnownFileType = sourcecode.c.h; path = "NSObject+SBJson.h"; sourceTree = "<group>"; };
		2814C8FB167E3C5D00183651 /* NSObject+SBJson.m */ = {isa = PBXFileReference; fileEncoding = 4; lastKnownFileType = sourcecode.c.objc; path = "NSObject+SBJson.m"; sourceTree = "<group>"; };
		2814C8FC167E3C5D00183651 /* SBJson.h */ = {isa = PBXFileReference; fileEncoding = 4; lastKnownFileType = sourcecode.c.h; path = SBJson.h; sourceTree = "<group>"; };
		2814C8FD167E3C5D00183651 /* SBJsonParser.h */ = {isa = PBXFileReference; fileEncoding = 4; lastKnownFileType = sourcecode.c.h; path = SBJsonParser.h; sourceTree = "<group>"; };
		2814C8FE167E3C5D00183651 /* SBJsonParser.m */ = {isa = PBXFileReference; fileEncoding = 4; lastKnownFileType = sourcecode.c.objc; path = SBJsonParser.m; sourceTree = "<group>"; };
		2814C8FF167E3C5D00183651 /* SBJsonStreamParser.h */ = {isa = PBXFileReference; fileEncoding = 4; lastKnownFileType = sourcecode.c.h; path = SBJsonStreamParser.h; sourceTree = "<group>"; };
		2814C900167E3C5D00183651 /* SBJsonStreamParser.m */ = {isa = PBXFileReference; fileEncoding = 4; lastKnownFileType = sourcecode.c.objc; path = SBJsonStreamParser.m; sourceTree = "<group>"; };
		2814C901167E3C5D00183651 /* SBJsonStreamParserAccumulator.h */ = {isa = PBXFileReference; fileEncoding = 4; lastKnownFileType = sourcecode.c.h; path = SBJsonStreamParserAccumulator.h; sourceTree = "<group>"; };
		2814C902167E3C5D00183651 /* SBJsonStreamParserAccumulator.m */ = {isa = PBXFileReference; fileEncoding = 4; lastKnownFileType = sourcecode.c.objc; path = SBJsonStreamParserAccumulator.m; sourceTree = "<group>"; };
		2814C903167E3C5D00183651 /* SBJsonStreamParserAdapter.h */ = {isa = PBXFileReference; fileEncoding = 4; lastKnownFileType = sourcecode.c.h; path = SBJsonStreamParserAdapter.h; sourceTree = "<group>"; };
		2814C904167E3C5D00183651 /* SBJsonStreamParserAdapter.m */ = {isa = PBXFileReference; fileEncoding = 4; lastKnownFileType = sourcecode.c.objc; path = SBJsonStreamParserAdapter.m; sourceTree = "<group>"; };
		2814C905167E3C5D00183651 /* SBJsonStreamParserState.h */ = {isa = PBXFileReference; fileEncoding = 4; lastKnownFileType = sourcecode.c.h; path = SBJsonStreamParserState.h; sourceTree = "<group>"; };
		2814C906167E3C5D00183651 /* SBJsonStreamParserState.m */ = {isa = PBXFileReference; fileEncoding = 4; lastKnownFileType = sourcecode.c.objc; path = SBJsonStreamParserState.m; sourceTree = "<group>"; };
		2814C907167E3C5D00183651 /* SBJsonStreamWriter.h */ = {isa = PBXFileReference; fileEncoding = 4; lastKnownFileType = sourcecode.c.h; path = SBJsonStreamWriter.h; sourceTree = "<group>"; };
		2814C908167E3C5D00183651 /* SBJsonStreamWriter.m */ = {isa = PBXFileReference; fileEncoding = 4; lastKnownFileType = sourcecode.c.objc; path = SBJsonStreamWriter.m; sourceTree = "<group>"; };
		2814C909167E3C5D00183651 /* SBJsonStreamWriterAccumulator.h */ = {isa = PBXFileReference; fileEncoding = 4; lastKnownFileType = sourcecode.c.h; path = SBJsonStreamWriterAccumulator.h; sourceTree = "<group>"; };
		2814C90A167E3C5D00183651 /* SBJsonStreamWriterAccumulator.m */ = {isa = PBXFileReference; fileEncoding = 4; lastKnownFileType = sourcecode.c.objc; path = SBJsonStreamWriterAccumulator.m; sourceTree = "<group>"; };
		2814C90B167E3C5D00183651 /* SBJsonStreamWriterState.h */ = {isa = PBXFileReference; fileEncoding = 4; lastKnownFileType = sourcecode.c.h; path = SBJsonStreamWriterState.h; sourceTree = "<group>"; };
		2814C90C167E3C5D00183651 /* SBJsonStreamWriterState.m */ = {isa = PBXFileReference; fileEncoding = 4; lastKnownFileType = sourcecode.c.objc; path = SBJsonStreamWriterState.m; sourceTree = "<group>"; };
		2814C90D167E3C5D00183651 /* SBJsonTokeniser.h */ = {isa = PBXFileReference; fileEncoding = 4; lastKnownFileType = sourcecode.c.h; path = SBJsonTokeniser.h; sourceTree = "<group>"; };
		2814C90E167E3C5D00183651 /* SBJsonTokeniser.m */ = {isa = PBXFileReference; fileEncoding = 4; lastKnownFileType = sourcecode.c.objc; path = SBJsonTokeniser.m; sourceTree = "<group>"; };
		2814C90F167E3C5D00183651 /* SBJsonUTF8Stream.h */ = {isa = PBXFileReference; fileEncoding = 4; lastKnownFileType = sourcecode.c.h; path = SBJsonUTF8Stream.h; sourceTree = "<group>"; };
		2814C910167E3C5D00183651 /* SBJsonUTF8Stream.m */ = {isa = PBXFileReference; fileEncoding = 4; lastKnownFileType = sourcecode.c.objc; path = SBJsonUTF8Stream.m; sourceTree = "<group>"; };
		2814C911167E3C5D00183651 /* SBJsonWriter.h */ = {isa = PBXFileReference; fileEncoding = 4; lastKnownFileType = sourcecode.c.h; path = SBJsonWriter.h; sourceTree = "<group>"; };
		2814C912167E3C5D00183651 /* SBJsonWriter.m */ = {isa = PBXFileReference; fileEncoding = 4; lastKnownFileType = sourcecode.c.objc; path = SBJsonWriter.m; sourceTree = "<group>"; };
		289FFB25166FE3B0007177DD /* Go see the Sun.app */ = {isa = PBXFileReference; explicitFileType = wrapper.application; includeInIndex = 0; path = "Go see the Sun.app"; sourceTree = BUILT_PRODUCTS_DIR; };
		289FFB29166FE3B0007177DD /* UIKit.framework */ = {isa = PBXFileReference; lastKnownFileType = wrapper.framework; name = UIKit.framework; path = System/Library/Frameworks/UIKit.framework; sourceTree = SDKROOT; };
		289FFB2B166FE3B0007177DD /* Foundation.framework */ = {isa = PBXFileReference; lastKnownFileType = wrapper.framework; name = Foundation.framework; path = System/Library/Frameworks/Foundation.framework; sourceTree = SDKROOT; };
		289FFB2D166FE3B0007177DD /* CoreGraphics.framework */ = {isa = PBXFileReference; lastKnownFileType = wrapper.framework; name = CoreGraphics.framework; path = System/Library/Frameworks/CoreGraphics.framework; sourceTree = SDKROOT; };
		289FFB31166FE3B0007177DD /* Go see the Sun-Info.plist */ = {isa = PBXFileReference; lastKnownFileType = text.plist.xml; path = "Go see the Sun-Info.plist"; sourceTree = "<group>"; };
		289FFB33166FE3B0007177DD /* en */ = {isa = PBXFileReference; lastKnownFileType = text.plist.strings; name = en; path = en.lproj/InfoPlist.strings; sourceTree = "<group>"; };
		289FFB35166FE3B0007177DD /* main.m */ = {isa = PBXFileReference; lastKnownFileType = sourcecode.c.objc; path = main.m; sourceTree = "<group>"; };
		289FFB37166FE3B0007177DD /* Go see the Sun-Prefix.pch */ = {isa = PBXFileReference; lastKnownFileType = sourcecode.c.h; path = "Go see the Sun-Prefix.pch"; sourceTree = "<group>"; };
		289FFB38166FE3B0007177DD /* AppDelegate.h */ = {isa = PBXFileReference; lastKnownFileType = sourcecode.c.h; path = AppDelegate.h; sourceTree = "<group>"; };
		289FFB39166FE3B0007177DD /* AppDelegate.m */ = {isa = PBXFileReference; lastKnownFileType = sourcecode.c.objc; path = AppDelegate.m; sourceTree = "<group>"; };
		289FFB3B166FE3B0007177DD /* Default.png */ = {isa = PBXFileReference; lastKnownFileType = image.png; path = Default.png; sourceTree = "<group>"; };
		289FFB3D166FE3B0007177DD /* Default@2x.png */ = {isa = PBXFileReference; lastKnownFileType = image.png; path = "Default@2x.png"; sourceTree = "<group>"; };
		289FFB3F166FE3B0007177DD /* Default-568h@2x.png */ = {isa = PBXFileReference; lastKnownFileType = image.png; path = "Default-568h@2x.png"; sourceTree = "<group>"; };
		289FFB42166FE3B0007177DD /* en */ = {isa = PBXFileReference; lastKnownFileType = file.storyboard; name = en; path = en.lproj/MainStoryboard.storyboard; sourceTree = "<group>"; };
		289FFB44166FE3B0007177DD /* ViewController.h */ = {isa = PBXFileReference; lastKnownFileType = sourcecode.c.h; path = ViewController.h; sourceTree = "<group>"; };
		289FFB45166FE3B0007177DD /* ViewController.m */ = {isa = PBXFileReference; lastKnownFileType = sourcecode.c.objc; path = ViewController.m; sourceTree = "<group>"; };
		28E3362C1670744400BDE58E /* CFNetwork.framework */ = {isa = PBXFileReference; lastKnownFileType = wrapper.framework; name = CFNetwork.framework; path = System/Library/Frameworks/CFNetwork.framework; sourceTree = SDKROOT; };
		28E3362E1670745000BDE58E /* SystemConfiguration.framework */ = {isa = PBXFileReference; lastKnownFileType = wrapper.framework; name = SystemConfiguration.framework; path = System/Library/Frameworks/SystemConfiguration.framework; sourceTree = SDKROOT; };
		28E336301670745B00BDE58E /* MobileCoreServices.framework */ = {isa = PBXFileReference; lastKnownFileType = wrapper.framework; name = MobileCoreServices.framework; path = System/Library/Frameworks/MobileCoreServices.framework; sourceTree = SDKROOT; };
		28E336321670747300BDE58E /* libz.dylib */ = {isa = PBXFileReference; lastKnownFileType = "compiled.mach-o.dylib"; name = libz.dylib; path = usr/lib/libz.dylib; sourceTree = SDKROOT; };
		28E3365216707B9800BDE58E /* AFHTTPClient.h */ = {isa = PBXFileReference; fileEncoding = 4; lastKnownFileType = sourcecode.c.h; path = AFHTTPClient.h; sourceTree = "<group>"; };
		28E3365316707B9800BDE58E /* AFHTTPClient.m */ = {isa = PBXFileReference; fileEncoding = 4; lastKnownFileType = sourcecode.c.objc; path = AFHTTPClient.m; sourceTree = "<group>"; };
		28E3365416707B9800BDE58E /* AFHTTPRequestOperation.h */ = {isa = PBXFileReference; fileEncoding = 4; lastKnownFileType = sourcecode.c.h; path = AFHTTPRequestOperation.h; sourceTree = "<group>"; };
		28E3365516707B9800BDE58E /* AFHTTPRequestOperation.m */ = {isa = PBXFileReference; fileEncoding = 4; lastKnownFileType = sourcecode.c.objc; path = AFHTTPRequestOperation.m; sourceTree = "<group>"; };
		28E3365616707B9800BDE58E /* AFImageRequestOperation.h */ = {isa = PBXFileReference; fileEncoding = 4; lastKnownFileType = sourcecode.c.h; path = AFImageRequestOperation.h; sourceTree = "<group>"; };
		28E3365716707B9800BDE58E /* AFImageRequestOperation.m */ = {isa = PBXFileReference; fileEncoding = 4; lastKnownFileType = sourcecode.c.objc; path = AFImageRequestOperation.m; sourceTree = "<group>"; };
		28E3365816707B9800BDE58E /* AFJSONRequestOperation.h */ = {isa = PBXFileReference; fileEncoding = 4; lastKnownFileType = sourcecode.c.h; path = AFJSONRequestOperation.h; sourceTree = "<group>"; };
		28E3365916707B9800BDE58E /* AFJSONRequestOperation.m */ = {isa = PBXFileReference; fileEncoding = 4; lastKnownFileType = sourcecode.c.objc; path = AFJSONRequestOperation.m; sourceTree = "<group>"; };
		28E3365A16707B9800BDE58E /* AFNetworkActivityIndicatorManager.h */ = {isa = PBXFileReference; fileEncoding = 4; lastKnownFileType = sourcecode.c.h; path = AFNetworkActivityIndicatorManager.h; sourceTree = "<group>"; };
		28E3365B16707B9800BDE58E /* AFNetworkActivityIndicatorManager.m */ = {isa = PBXFileReference; fileEncoding = 4; lastKnownFileType = sourcecode.c.objc; path = AFNetworkActivityIndicatorManager.m; sourceTree = "<group>"; };
		28E3365C16707B9800BDE58E /* AFNetworking.h */ = {isa = PBXFileReference; fileEncoding = 4; lastKnownFileType = sourcecode.c.h; path = AFNetworking.h; sourceTree = "<group>"; };
		28E3365D16707B9800BDE58E /* AFPropertyListRequestOperation.h */ = {isa = PBXFileReference; fileEncoding = 4; lastKnownFileType = sourcecode.c.h; path = AFPropertyListRequestOperation.h; sourceTree = "<group>"; };
		28E3365E16707B9800BDE58E /* AFPropertyListRequestOperation.m */ = {isa = PBXFileReference; fileEncoding = 4; lastKnownFileType = sourcecode.c.objc; path = AFPropertyListRequestOperation.m; sourceTree = "<group>"; };
		28E3365F16707B9800BDE58E /* AFURLConnectionOperation.h */ = {isa = PBXFileReference; fileEncoding = 4; lastKnownFileType = sourcecode.c.h; path = AFURLConnectionOperation.h; sourceTree = "<group>"; };
		28E3366016707B9800BDE58E /* AFURLConnectionOperation.m */ = {isa = PBXFileReference; fileEncoding = 4; lastKnownFileType = sourcecode.c.objc; path = AFURLConnectionOperation.m; sourceTree = "<group>"; };
		28E3366116707B9800BDE58E /* AFXMLRequestOperation.h */ = {isa = PBXFileReference; fileEncoding = 4; lastKnownFileType = sourcecode.c.h; path = AFXMLRequestOperation.h; sourceTree = "<group>"; };
		28E3366216707B9800BDE58E /* AFXMLRequestOperation.m */ = {isa = PBXFileReference; fileEncoding = 4; lastKnownFileType = sourcecode.c.objc; path = AFXMLRequestOperation.m; sourceTree = "<group>"; };
		28E3366316707B9800BDE58E /* UIImageView+AFNetworking.h */ = {isa = PBXFileReference; fileEncoding = 4; lastKnownFileType = sourcecode.c.h; path = "UIImageView+AFNetworking.h"; sourceTree = "<group>"; };
		28E3366416707B9800BDE58E /* UIImageView+AFNetworking.m */ = {isa = PBXFileReference; fileEncoding = 4; lastKnownFileType = sourcecode.c.objc; path = "UIImageView+AFNetworking.m"; sourceTree = "<group>"; };
		28E3367416708C7B00BDE58E /* GoSeeTheSunGame.h */ = {isa = PBXFileReference; fileEncoding = 4; lastKnownFileType = sourcecode.c.h; path = GoSeeTheSunGame.h; sourceTree = "<group>"; };
		28E3367516708C7B00BDE58E /* GoSeeTheSunGame.m */ = {isa = PBXFileReference; fileEncoding = 4; lastKnownFileType = sourcecode.c.objc; path = GoSeeTheSunGame.m; sourceTree = "<group>"; };
/* End PBXFileReference section */

/* Begin PBXFrameworksBuildPhase section */
		289FFB22166FE3B0007177DD /* Frameworks */ = {
			isa = PBXFrameworksBuildPhase;
			buildActionMask = 2147483647;
			files = (
				28E3366F16707C7700BDE58E /* SystemConfiguration.framework in Frameworks */,
				28E3366E16707C7200BDE58E /* MobileCoreServices.framework in Frameworks */,
				28E336331670747300BDE58E /* libz.dylib in Frameworks */,
				28E3362D1670744400BDE58E /* CFNetwork.framework in Frameworks */,
				289FFB2A166FE3B0007177DD /* UIKit.framework in Frameworks */,
				289FFB2C166FE3B0007177DD /* Foundation.framework in Frameworks */,
				289FFB2E166FE3B0007177DD /* CoreGraphics.framework in Frameworks */,
			);
			runOnlyForDeploymentPostprocessing = 0;
		};
/* End PBXFrameworksBuildPhase section */

/* Begin PBXGroup section */
		2814C8F9167E3C5D00183651 /* SBJson */ = {
			isa = PBXGroup;
			children = (
				2814C8FA167E3C5D00183651 /* NSObject+SBJson.h */,
				2814C8FB167E3C5D00183651 /* NSObject+SBJson.m */,
				2814C8FC167E3C5D00183651 /* SBJson.h */,
				2814C8FD167E3C5D00183651 /* SBJsonParser.h */,
				2814C8FE167E3C5D00183651 /* SBJsonParser.m */,
				2814C8FF167E3C5D00183651 /* SBJsonStreamParser.h */,
				2814C900167E3C5D00183651 /* SBJsonStreamParser.m */,
				2814C901167E3C5D00183651 /* SBJsonStreamParserAccumulator.h */,
				2814C902167E3C5D00183651 /* SBJsonStreamParserAccumulator.m */,
				2814C903167E3C5D00183651 /* SBJsonStreamParserAdapter.h */,
				2814C904167E3C5D00183651 /* SBJsonStreamParserAdapter.m */,
				2814C905167E3C5D00183651 /* SBJsonStreamParserState.h */,
				2814C906167E3C5D00183651 /* SBJsonStreamParserState.m */,
				2814C907167E3C5D00183651 /* SBJsonStreamWriter.h */,
				2814C908167E3C5D00183651 /* SBJsonStreamWriter.m */,
				2814C909167E3C5D00183651 /* SBJsonStreamWriterAccumulator.h */,
				2814C90A167E3C5D00183651 /* SBJsonStreamWriterAccumulator.m */,
				2814C90B167E3C5D00183651 /* SBJsonStreamWriterState.h */,
				2814C90C167E3C5D00183651 /* SBJsonStreamWriterState.m */,
				2814C90D167E3C5D00183651 /* SBJsonTokeniser.h */,
				2814C90E167E3C5D00183651 /* SBJsonTokeniser.m */,
				2814C90F167E3C5D00183651 /* SBJsonUTF8Stream.h */,
				2814C910167E3C5D00183651 /* SBJsonUTF8Stream.m */,
				2814C911167E3C5D00183651 /* SBJsonWriter.h */,
				2814C912167E3C5D00183651 /* SBJsonWriter.m */,
			);
			name = SBJson;
			path = "Go see the Sun/Classes";
			sourceTree = "<group>";
		};
		289FFB1A166FE3B0007177DD = {
			isa = PBXGroup;
			children = (
				289FFB2F166FE3B0007177DD /* Go see the Sun */,
				289FFB28166FE3B0007177DD /* Frameworks */,
				289FFB26166FE3B0007177DD /* Products */,
			);
			sourceTree = "<group>";
		};
		289FFB26166FE3B0007177DD /* Products */ = {
			isa = PBXGroup;
			children = (
				289FFB25166FE3B0007177DD /* Go see the Sun.app */,
			);
			name = Products;
			sourceTree = "<group>";
		};
		289FFB28166FE3B0007177DD /* Frameworks */ = {
			isa = PBXGroup;
			children = (
				2814C8F9167E3C5D00183651 /* SBJson */,
				28E3365116707B9800BDE58E /* AFNetworking */,
				28E336321670747300BDE58E /* libz.dylib */,
				28E336301670745B00BDE58E /* MobileCoreServices.framework */,
				28E3362E1670745000BDE58E /* SystemConfiguration.framework */,
				28E3362C1670744400BDE58E /* CFNetwork.framework */,
				289FFB29166FE3B0007177DD /* UIKit.framework */,
				289FFB2B166FE3B0007177DD /* Foundation.framework */,
				289FFB2D166FE3B0007177DD /* CoreGraphics.framework */,
			);
			name = Frameworks;
			sourceTree = "<group>";
		};
		289FFB2F166FE3B0007177DD /* Go see the Sun */ = {
			isa = PBXGroup;
			children = (
				289FFB38166FE3B0007177DD /* AppDelegate.h */,
				289FFB39166FE3B0007177DD /* AppDelegate.m */,
				289FFB41166FE3B0007177DD /* MainStoryboard.storyboard */,
				289FFB44166FE3B0007177DD /* ViewController.h */,
				289FFB45166FE3B0007177DD /* ViewController.m */,
				28E3367416708C7B00BDE58E /* GoSeeTheSunGame.h */,
				28E3367516708C7B00BDE58E /* GoSeeTheSunGame.m */,
				289FFB30166FE3B0007177DD /* Supporting Files */,
			);
			path = "Go see the Sun";
			sourceTree = "<group>";
		};
		289FFB30166FE3B0007177DD /* Supporting Files */ = {
			isa = PBXGroup;
			children = (
				289FFB31166FE3B0007177DD /* Go see the Sun-Info.plist */,
				289FFB32166FE3B0007177DD /* InfoPlist.strings */,
				289FFB35166FE3B0007177DD /* main.m */,
				289FFB37166FE3B0007177DD /* Go see the Sun-Prefix.pch */,
				289FFB3B166FE3B0007177DD /* Default.png */,
				289FFB3D166FE3B0007177DD /* Default@2x.png */,
				289FFB3F166FE3B0007177DD /* Default-568h@2x.png */,
			);
			name = "Supporting Files";
			sourceTree = "<group>";
		};
		28E3365116707B9800BDE58E /* AFNetworking */ = {
			isa = PBXGroup;
			children = (
				28E3365216707B9800BDE58E /* AFHTTPClient.h */,
				28E3365316707B9800BDE58E /* AFHTTPClient.m */,
				28E3365416707B9800BDE58E /* AFHTTPRequestOperation.h */,
				28E3365516707B9800BDE58E /* AFHTTPRequestOperation.m */,
				28E3365616707B9800BDE58E /* AFImageRequestOperation.h */,
				28E3365716707B9800BDE58E /* AFImageRequestOperation.m */,
				28E3365816707B9800BDE58E /* AFJSONRequestOperation.h */,
				28E3365916707B9800BDE58E /* AFJSONRequestOperation.m */,
				28E3365A16707B9800BDE58E /* AFNetworkActivityIndicatorManager.h */,
				28E3365B16707B9800BDE58E /* AFNetworkActivityIndicatorManager.m */,
				28E3365C16707B9800BDE58E /* AFNetworking.h */,
				28E3365D16707B9800BDE58E /* AFPropertyListRequestOperation.h */,
				28E3365E16707B9800BDE58E /* AFPropertyListRequestOperation.m */,
				28E3365F16707B9800BDE58E /* AFURLConnectionOperation.h */,
				28E3366016707B9800BDE58E /* AFURLConnectionOperation.m */,
				28E3366116707B9800BDE58E /* AFXMLRequestOperation.h */,
				28E3366216707B9800BDE58E /* AFXMLRequestOperation.m */,
				28E3366316707B9800BDE58E /* UIImageView+AFNetworking.h */,
				28E3366416707B9800BDE58E /* UIImageView+AFNetworking.m */,
			);
			path = AFNetworking;
			sourceTree = "<group>";
		};
/* End PBXGroup section */

/* Begin PBXNativeTarget section */
		289FFB24166FE3B0007177DD /* Go see the Sun */ = {
			isa = PBXNativeTarget;
			buildConfigurationList = 289FFB49166FE3B0007177DD /* Build configuration list for PBXNativeTarget "Go see the Sun" */;
			buildPhases = (
				289FFB21166FE3B0007177DD /* Sources */,
				289FFB22166FE3B0007177DD /* Frameworks */,
				289FFB23166FE3B0007177DD /* Resources */,
			);
			buildRules = (
			);
			dependencies = (
			);
			name = "Go see the Sun";
			productName = "Go see the Sun";
			productReference = 289FFB25166FE3B0007177DD /* Go see the Sun.app */;
			productType = "com.apple.product-type.application";
		};
/* End PBXNativeTarget section */

/* Begin PBXProject section */
		289FFB1C166FE3B0007177DD /* Project object */ = {
			isa = PBXProject;
			attributes = {
				LastUpgradeCheck = 0450;
				ORGANIZATIONNAME = "Timo Maul";
			};
			buildConfigurationList = 289FFB1F166FE3B0007177DD /* Build configuration list for PBXProject "Go see the Sun" */;
			compatibilityVersion = "Xcode 3.2";
			developmentRegion = English;
			hasScannedForEncodings = 0;
			knownRegions = (
				en,
				English,
			);
			mainGroup = 289FFB1A166FE3B0007177DD;
			productRefGroup = 289FFB26166FE3B0007177DD /* Products */;
			projectDirPath = "";
			projectRoot = "";
			targets = (
				289FFB24166FE3B0007177DD /* Go see the Sun */,
			);
		};
/* End PBXProject section */

/* Begin PBXResourcesBuildPhase section */
		289FFB23166FE3B0007177DD /* Resources */ = {
			isa = PBXResourcesBuildPhase;
			buildActionMask = 2147483647;
			files = (
				289FFB34166FE3B0007177DD /* InfoPlist.strings in Resources */,
				289FFB3C166FE3B0007177DD /* Default.png in Resources */,
				289FFB3E166FE3B0007177DD /* Default@2x.png in Resources */,
				289FFB40166FE3B0007177DD /* Default-568h@2x.png in Resources */,
				289FFB43166FE3B0007177DD /* MainStoryboard.storyboard in Resources */,
			);
			runOnlyForDeploymentPostprocessing = 0;
		};
/* End PBXResourcesBuildPhase section */

/* Begin PBXSourcesBuildPhase section */
		289FFB21166FE3B0007177DD /* Sources */ = {
			isa = PBXSourcesBuildPhase;
			buildActionMask = 2147483647;
			files = (
				289FFB36166FE3B0007177DD /* main.m in Sources */,
				289FFB3A166FE3B0007177DD /* AppDelegate.m in Sources */,
				289FFB46166FE3B0007177DD /* ViewController.m in Sources */,
				28E3366516707B9800BDE58E /* AFHTTPClient.m in Sources */,
				28E3366616707B9800BDE58E /* AFHTTPRequestOperation.m in Sources */,
				28E3366716707B9800BDE58E /* AFImageRequestOperation.m in Sources */,
				28E3366816707B9800BDE58E /* AFJSONRequestOperation.m in Sources */,
				28E3366916707B9800BDE58E /* AFNetworkActivityIndicatorManager.m in Sources */,
				28E3366A16707B9800BDE58E /* AFPropertyListRequestOperation.m in Sources */,
				28E3366B16707B9800BDE58E /* AFURLConnectionOperation.m in Sources */,
				28E3366C16707B9800BDE58E /* AFXMLRequestOperation.m in Sources */,
				28E3366D16707B9800BDE58E /* UIImageView+AFNetworking.m in Sources */,
				28E3367616708C7B00BDE58E /* GoSeeTheSunGame.m in Sources */,
				2814C913167E3C5D00183651 /* NSObject+SBJson.m in Sources */,
				2814C914167E3C5D00183651 /* SBJsonParser.m in Sources */,
				2814C915167E3C5D00183651 /* SBJsonStreamParser.m in Sources */,
				2814C916167E3C5D00183651 /* SBJsonStreamParserAccumulator.m in Sources */,
				2814C917167E3C5D00183651 /* SBJsonStreamParserAdapter.m in Sources */,
				2814C918167E3C5D00183651 /* SBJsonStreamParserState.m in Sources */,
				2814C919167E3C5D00183651 /* SBJsonStreamWriter.m in Sources */,
				2814C91A167E3C5D00183651 /* SBJsonStreamWriterAccumulator.m in Sources */,
				2814C91B167E3C5D00183651 /* SBJsonStreamWriterState.m in Sources */,
				2814C91C167E3C5D00183651 /* SBJsonTokeniser.m in Sources */,
				2814C91D167E3C5D00183651 /* SBJsonUTF8Stream.m in Sources */,
				2814C91E167E3C5D00183651 /* SBJsonWriter.m in Sources */,
			);
			runOnlyForDeploymentPostprocessing = 0;
		};
/* End PBXSourcesBuildPhase section */

/* Begin PBXVariantGroup section */
		289FFB32166FE3B0007177DD /* InfoPlist.strings */ = {
			isa = PBXVariantGroup;
			children = (
				289FFB33166FE3B0007177DD /* en */,
			);
			name = InfoPlist.strings;
			sourceTree = "<group>";
		};
		289FFB41166FE3B0007177DD /* MainStoryboard.storyboard */ = {
			isa = PBXVariantGroup;
			children = (
				289FFB42166FE3B0007177DD /* en */,
			);
			name = MainStoryboard.storyboard;
			sourceTree = "<group>";
		};
/* End PBXVariantGroup section */

/* Begin XCBuildConfiguration section */
		289FFB47166FE3B0007177DD /* Debug */ = {
			isa = XCBuildConfiguration;
			buildSettings = {
				ALWAYS_SEARCH_USER_PATHS = NO;
				CLANG_CXX_LANGUAGE_STANDARD = "gnu++0x";
				CLANG_CXX_LIBRARY = "libc++";
				CLANG_ENABLE_OBJC_ARC = YES;
				CLANG_WARN_EMPTY_BODY = YES;
				CLANG_WARN__DUPLICATE_METHOD_MATCH = YES;
				"CODE_SIGN_IDENTITY[sdk=iphoneos*]" = "iPhone Developer";
				COPY_PHASE_STRIP = NO;
				GCC_C_LANGUAGE_STANDARD = gnu99;
				GCC_DYNAMIC_NO_PIC = NO;
				GCC_OPTIMIZATION_LEVEL = 0;
				GCC_PREPROCESSOR_DEFINITIONS = (
					"DEBUG=1",
					"$(inherited)",
				);
				GCC_SYMBOLS_PRIVATE_EXTERN = NO;
				GCC_WARN_ABOUT_RETURN_TYPE = YES;
				GCC_WARN_UNINITIALIZED_AUTOS = YES;
				GCC_WARN_UNUSED_VARIABLE = YES;
				IPHONEOS_DEPLOYMENT_TARGET = 6.0;
				ONLY_ACTIVE_ARCH = YES;
				SDKROOT = iphoneos;
			};
			name = Debug;
		};
		289FFB48166FE3B0007177DD /* Release */ = {
			isa = XCBuildConfiguration;
			buildSettings = {
				ALWAYS_SEARCH_USER_PATHS = NO;
				CLANG_CXX_LANGUAGE_STANDARD = "gnu++0x";
				CLANG_CXX_LIBRARY = "libc++";
				CLANG_ENABLE_OBJC_ARC = YES;
				CLANG_WARN_EMPTY_BODY = YES;
				CLANG_WARN__DUPLICATE_METHOD_MATCH = YES;
				"CODE_SIGN_IDENTITY[sdk=iphoneos*]" = "iPhone Developer";
				COPY_PHASE_STRIP = YES;
				GCC_C_LANGUAGE_STANDARD = gnu99;
				GCC_WARN_ABOUT_RETURN_TYPE = YES;
				GCC_WARN_UNINITIALIZED_AUTOS = YES;
				GCC_WARN_UNUSED_VARIABLE = YES;
				IPHONEOS_DEPLOYMENT_TARGET = 6.0;
				OTHER_CFLAGS = "-DNS_BLOCK_ASSERTIONS=1";
				SDKROOT = iphoneos;
				VALIDATE_PRODUCT = YES;
			};
			name = Release;
		};
		289FFB4A166FE3B0007177DD /* Debug */ = {
			isa = XCBuildConfiguration;
			buildSettings = {
				GCC_PRECOMPILE_PREFIX_HEADER = YES;
				GCC_PREFIX_HEADER = "Go see the Sun/Go see the Sun-Prefix.pch";
				INFOPLIST_FILE = "Go see the Sun/Go see the Sun-Info.plist";
				PRODUCT_NAME = "$(TARGET_NAME)";
				WRAPPER_EXTENSION = app;
			};
			name = Debug;
		};
		289FFB4B166FE3B0007177DD /* Release */ = {
			isa = XCBuildConfiguration;
			buildSettings = {
				GCC_PRECOMPILE_PREFIX_HEADER = YES;
				GCC_PREFIX_HEADER = "Go see the Sun/Go see the Sun-Prefix.pch";
				INFOPLIST_FILE = "Go see the Sun/Go see the Sun-Info.plist";
				PRODUCT_NAME = "$(TARGET_NAME)";
				WRAPPER_EXTENSION = app;
			};
			name = Release;
		};
/* End XCBuildConfiguration section */

/* Begin XCConfigurationList section */
		289FFB1F166FE3B0007177DD /* Build configuration list for PBXProject "Go see the Sun" */ = {
			isa = XCConfigurationList;
			buildConfigurations = (
				289FFB47166FE3B0007177DD /* Debug */,
				289FFB48166FE3B0007177DD /* Release */,
			);
			defaultConfigurationIsVisible = 0;
			defaultConfigurationName = Release;
		};
		289FFB49166FE3B0007177DD /* Build configuration list for PBXNativeTarget "Go see the Sun" */ = {
			isa = XCConfigurationList;
			buildConfigurations = (
				289FFB4A166FE3B0007177DD /* Debug */,
				289FFB4B166FE3B0007177DD /* Release */,
			);
			defaultConfigurationIsVisible = 0;
			defaultConfigurationName = Release;
		};
/* End XCConfigurationList section */
	};
	rootObject = 289FFB1C166FE3B0007177DD /* Project object */;
}
